
Microsoft Visual Studio Solution File, Format Version 12.00
# Visual Studio 14
VisualStudioVersion = 14.0.25420.1
MinimumVisualStudioVersion = 10.0.40219.1
Project("{FAE04EC0-301F-11D3-BF4B-00C04F79EFBC}") = "ERL", "ERL\ERL.csproj", "{BA3E7285-0757-4C62-ADA8-FF2CED8ECFD0}"
EndProject
Project("{FAE04EC0-301F-11D3-BF4B-00C04F79EFBC}") = "ERL.Tests", "ERL.Tests\ERL.Tests.csproj", "{F3807490-8B82-40D1-BD6B-5BF977F5D802}"
EndProject
Global
	GlobalSection(SolutionConfigurationPlatforms) = preSolution
		Debug|Any CPU = Debug|Any CPU
		Release|Any CPU = Release|Any CPU
	EndGlobalSection
	GlobalSection(ProjectConfigurationPlatforms) = postSolution
		{BA3E7285-0757-4C62-ADA8-FF2CED8ECFD0}.Debug|Any CPU.ActiveCfg = Debug|Any CPU
		{BA3E7285-0757-4C62-ADA8-FF2CED8ECFD0}.Debug|Any CPU.Build.0 = Debug|Any CPU
		{BA3E7285-0757-4C62-ADA8-FF2CED8ECFD0}.Release|Any CPU.ActiveCfg = Release|Any CPU
		{BA3E7285-0757-4C62-ADA8-FF2CED8ECFD0}.Release|Any CPU.Build.0 = Release|Any CPU
		{F3807490-8B82-40D1-BD6B-5BF977F5D802}.Debug|Any CPU.ActiveCfg = Debug|Any CPU
		{F3807490-8B82-40D1-BD6B-5BF977F5D802}.Debug|Any CPU.Build.0 = Debug|Any CPU
		{F3807490-8B82-40D1-BD6B-5BF977F5D802}.Release|Any CPU.ActiveCfg = Release|Any CPU
		{F3807490-8B82-40D1-BD6B-5BF977F5D802}.Release|Any CPU.Build.0 = Release|Any CPU
	EndGlobalSection
	GlobalSection(SolutionProperties) = preSolution
		HideSolutionNode = FALSE
	EndGlobalSection
EndGlobal
